
Microsoft Visual Studio Solution File, Format Version 10.00
# Visual Studio 2008
Project("{8BC9CEB8-8B4A-11D0-8D11-00A0C91BC942}") = "spwave", "spwave.vcproj", "{3B4239BE-BB0B-49A9-9C21-F1E61FC492B3}"
	ProjectSection(ProjectDependencies) = postProject
		{5F114D2F-D6F2-49B3-9848-CB381C372F12} = {5F114D2F-D6F2-49B3-9848-CB381C372F12}
		{8B5B1B67-CEB8-4147-869E-881EBB8C6275} = {8B5B1B67-CEB8-4147-869E-881EBB8C6275}
		{F6BAFF79-9BBF-481B-BB4D-EFF6652C9AB7} = {F6BAFF79-9BBF-481B-BB4D-EFF6652C9AB7}
		{21BD1FE5-0621-41CB-884B-80265492D334} = {21BD1FE5-0621-41CB-884B-80265492D334}
	EndProjectSection
EndProject
Project("{8BC9CEB8-8B4A-11D0-8D11-00A0C91BC942}") = "spComponent", "..\spComponent\spComponent.vcproj", "{5F114D2F-D6F2-49B3-9848-CB381C372F12}"
	ProjectSection(ProjectDependencies) = postProject
		{F6BAFF79-9BBF-481B-BB4D-EFF6652C9AB7} = {F6BAFF79-9BBF-481B-BB4D-EFF6652C9AB7}
	EndProjectSection
EndProject
Project("{8BC9CEB8-8B4A-11D0-8D11-00A0C91BC942}") = "spBase", "..\spBase\spBase.vcproj", "{F6BAFF79-9BBF-481B-BB4D-EFF6652C9AB7}"
EndProject
Project("{8BC9CEB8-8B4A-11D0-8D11-00A0C91BC942}") = "spAudio", "..\spAudio\spAudio.vcproj", "{21BD1FE5-0621-41CB-884B-80265492D334}"
	ProjectSection(ProjectDependencies) = postProject
		{F6BAFF79-9BBF-481B-BB4D-EFF6652C9AB7} = {F6BAFF79-9BBF-481B-BB4D-EFF6652C9AB7}
	EndProjectSection
EndProject
Project("{8BC9CEB8-8B4A-11D0-8D11-00A0C91BC942}") = "sp", "..\sp\sp.vcproj", "{8B5B1B67-CEB8-4147-869E-881EBB8C6275}"
	ProjectSection(ProjectDependencies) = postProject
		{F6BAFF79-9BBF-481B-BB4D-EFF6652C9AB7} = {F6BAFF79-9BBF-481B-BB4D-EFF6652C9AB7}
	EndProjectSection
EndProject
Global
	GlobalSection(SolutionConfigurationPlatforms) = preSolution
		Debug|Win32 = Debug|Win32
		Debug|x64 = Debug|x64
		Release|Win32 = Release|Win32
		Release|x64 = Release|x64
	EndGlobalSection
	GlobalSection(ProjectConfigurationPlatforms) = postSolution
		{3B4239BE-BB0B-49A9-9C21-F1E61FC492B3}.Debug|Win32.ActiveCfg = Debug|Win32
		{3B4239BE-BB0B-49A9-9C21-F1E61FC492B3}.Debug|Win32.Build.0 = Debug|Win32
		{3B4239BE-BB0B-49A9-9C21-F1E61FC492B3}.Debug|x64.ActiveCfg = Debug|x64
		{3B4239BE-BB0B-49A9-9C21-F1E61FC492B3}.Debug|x64.Build.0 = Debug|x64
		{3B4239BE-BB0B-49A9-9C21-F1E61FC492B3}.Release|Win32.ActiveCfg = Release|Win32
		{3B4239BE-BB0B-49A9-9C21-F1E61FC492B3}.Release|Win32.Build.0 = Release|Win32
		{3B4239BE-BB0B-49A9-9C21-F1E61FC492B3}.Release|x64.ActiveCfg = Release|x64
		{3B4239BE-BB0B-49A9-9C21-F1E61FC492B3}.Release|x64.Build.0 = Release|x64
		{5F114D2F-D6F2-49B3-9848-CB381C372F12}.Debug|Win32.ActiveCfg = Release|Win32
		{5F114D2F-D6F2-49B3-9848-CB381C372F12}.Debug|Win32.Build.0 = Release|Win32
		{5F114D2F-D6F2-49B3-9848-CB381C372F12}.Debug|x64.ActiveCfg = Release|x64
		{5F114D2F-D6F2-49B3-9848-CB381C372F12}.Debug|x64.Build.0 = Release|x64
		{5F114D2F-D6F2-49B3-9848-CB381C372F12}.Release|Win32.ActiveCfg = Release|Win32
		{5F114D2F-D6F2-49B3-9848-CB381C372F12}.Release|Win32.Build.0 = Release|Win32
		{5F114D2F-D6F2-49B3-9848-CB381C372F12}.Release|x64.ActiveCfg = Release|x64
		{5F114D2F-D6F2-49B3-9848-CB381C372F12}.Release|x64.Build.0 = Release|x64
		{F6BAFF79-9BBF-481B-BB4D-EFF6652C9AB7}.Debug|Win32.ActiveCfg = Release|Win32
		{F6BAFF79-9BBF-481B-BB4D-EFF6652C9AB7}.Debug|Win32.Build.0 = Release|Win32
		{F6BAFF79-9BBF-481B-BB4D-EFF6652C9AB7}.Debug|x64.ActiveCfg = Release|x64
		{F6BAFF79-9BBF-481B-BB4D-EFF6652C9AB7}.Debug|x64.Build.0 = Release|x64
		{F6BAFF79-9BBF-481B-BB4D-EFF6652C9AB7}.Release|Win32.ActiveCfg = Release|Win32
		{F6BAFF79-9BBF-481B-BB4D-EFF6652C9AB7}.Release|Win32.Build.0 = Release|Win32
		{F6BAFF79-9BBF-481B-BB4D-EFF6652C9AB7}.Release|x64.ActiveCfg = Release|x64
		{F6BAFF79-9BBF-481B-BB4D-EFF6652C9AB7}.Release|x64.Build.0 = Release|x64
		{21BD1FE5-0621-41CB-884B-80265492D334}.Debug|Win32.ActiveCfg = Release|Win32
		{21BD1FE5-0621-41CB-884B-80265492D334}.Debug|Win32.Build.0 = Release|Win32
		{21BD1FE5-0621-41CB-884B-80265492D334}.Debug|x64.ActiveCfg = Release|x64
		{21BD1FE5-0621-41CB-884B-80265492D334}.Debug|x64.Build.0 = Release|x64
		{21BD1FE5-0621-41CB-884B-80265492D334}.Release|Win32.ActiveCfg = Release|Win32
		{21BD1FE5-0621-41CB-884B-80265492D334}.Release|Win32.Build.0 = Release|Win32
		{21BD1FE5-0621-41CB-884B-80265492D334}.Release|x64.ActiveCfg = Release|x64
		{21BD1FE5-0621-41CB-884B-80265492D334}.Release|x64.Build.0 = Release|x64
		{8B5B1B67-CEB8-4147-869E-881EBB8C6275}.Debug|Win32.ActiveCfg = Release|Win32
		{8B5B1B67-CEB8-4147-869E-881EBB8C6275}.Debug|Win32.Build.0 = Release|Win32
		{8B5B1B67-CEB8-4147-869E-881EBB8C6275}.Debug|x64.ActiveCfg = Release|x64
		{8B5B1B67-CEB8-4147-869E-881EBB8C6275}.Debug|x64.Build.0 = Release|x64
		{8B5B1B67-CEB8-4147-869E-881EBB8C6275}.Release|Win32.ActiveCfg = Release|Win32
		{8B5B1B67-CEB8-4147-869E-881EBB8C6275}.Release|Win32.Build.0 = Release|Win32
		{8B5B1B67-CEB8-4147-869E-881EBB8C6275}.Release|x64.ActiveCfg = Release|x64
		{8B5B1B67-CEB8-4147-869E-881EBB8C6275}.Release|x64.Build.0 = Release|x64
	EndGlobalSection
	GlobalSection(SolutionProperties) = preSolution
		HideSolutionNode = FALSE
	EndGlobalSection
EndGlobal
